STORAGE: NONE
NUGET
  remote: https://api.nuget.org/v3/index.json
    FSharp.Analyzers.SDK (0.36)
      FSharp.Compiler.Service (43.10.101) - restriction: >= net8.0
      FSharp.Core (10.0.101) - restriction: >= net8.0
      McMaster.NETCore.Plugins (>= 2.0) - restriction: >= net8.0
      Microsoft.Extensions.Logging.Abstractions (>= 6.0) - restriction: >= net8.0
    FSharp.Compiler.Service (43.10.101) - restriction: >= net8.0
      FSharp.Core (10.0.101) - restriction: >= netstandard2.0
      System.Buffers (>= 4.6) - restriction: >= netstandard2.0
      System.Collections.Immutable (>= 9.0) - restriction: >= netstandard2.0
      System.Diagnostics.DiagnosticSource (>= 9.0) - restriction: >= netstandard2.0
      System.Memory (>= 4.6) - restriction: >= netstandard2.0
      System.Reflection.Emit (>= 4.7) - restriction: >= netstandard2.0
      System.Reflection.Metadata (>= 9.0) - restriction: >= netstandard2.0
      System.Runtime.CompilerServices.Unsafe (>= 6.1) - restriction: >= netstandard2.0
    FSharp.Core (10.0.101)
    McMaster.NETCore.Plugins (2.0) - restriction: >= net8.0
    Microsoft.Extensions.DependencyInjection.Abstractions (10.0.5) - restriction: >= net8.0
    Microsoft.Extensions.Logging.Abstractions (10.0.5) - restriction: >= net8.0
      Microsoft.Extensions.DependencyInjection.Abstractions (>= 10.0.5) - restriction: || (>= net462) (>= netstandard2.0)
      System.Diagnostics.DiagnosticSource (>= 10.0.5) - restriction: || (&& (< net10.0) (>= net9.0)) (>= net462) (&& (>= net8.0) (< net9.0)) (&& (< net8.0) (>= netstandard2.0))
    System.Buffers (4.6.1) - restriction: >= net8.0
    System.Collections.Immutable (10.0.5) - restriction: || (&& (< net10.0) (>= net9.0)) (>= net8.0)
    System.Diagnostics.DiagnosticSource (10.0.5) - restriction: || (&& (< net10.0) (>= net9.0)) (>= net8.0)
    System.Memory (4.6.3) - restriction: >= net8.0
    System.Reflection.Emit (4.7) - restriction: >= net8.0
    System.Reflection.Metadata (10.0.5) - restriction: >= net8.0
      System.Collections.Immutable (>= 10.0.5) - restriction: || (&& (< net10.0) (>= net9.0)) (>= net462) (&& (>= net8.0) (< net9.0)) (&& (< net8.0) (>= netstandard2.0))
    System.Runtime.CompilerServices.Unsafe (6.1.2) - restriction: >= net8.0
GIT
  remote: https://github.com/michaelglass/FSharpLint.git
     (4e092682c52f0684e87dcab74cc8e05dda330814)